
Microsoft Visual Studio Solution File, Format Version 12.00
# Visual Studio Version 17
VisualStudioVersion = 17.2.32210.308
MinimumVisualStudioVersion = 10.0.40219.1
Project("{FAE04EC0-301F-11D3-BF4B-00C04F79EFBC}") = "WindowsFormsApp4", "WindowsFormsApp4\WindowsFormsApp4.csproj", "{AFDC2E36-6A31-4DEF-800D-45918500FA97}"
EndProject
Global
	GlobalSection(SolutionConfigurationPlatforms) = preSolution
		Debug|Any CPU = Debug|Any CPU
		Release|Any CPU = Release|Any CPU
	EndGlobalSection
	GlobalSection(ProjectConfigurationPlatforms) = postSolution
		{AFDC2E36-6A31-4DEF-800D-45918500FA97}.Debug|Any CPU.ActiveCfg = Debug|Any CPU
		{AFDC2E36-6A31-4DEF-800D-45918500FA97}.Debug|Any CPU.Build.0 = Debug|Any CPU
		{AFDC2E36-6A31-4DEF-800D-45918500FA97}.Release|Any CPU.ActiveCfg = Release|Any CPU
		{AFDC2E36-6A31-4DEF-800D-45918500FA97}.Release|Any CPU.Build.0 = Release|Any CPU
	EndGlobalSection
	GlobalSection(SolutionProperties) = preSolution
		HideSolutionNode = FALSE
	EndGlobalSection
	GlobalSection(ExtensibilityGlobals) = postSolution
		SolutionGuid = {AE501C5D-C664-4298-AD1B-7E1F068A7F54}
	EndGlobalSection
EndGlobal
